
Microsoft Visual Studio Solution File, Format Version 12.00
# Visual Studio Version 16
VisualStudioVersion = 16.0.33130.400
MinimumVisualStudioVersion = 10.0.40219.1
Project("{FAE04EC0-301F-11D3-BF4B-00C04F79EFBC}") = "desktop", "desktop\desktop.csproj", "{24AAC628-ADF6-429B-ACF7-AF15C0A02DB8}"
EndProject
Project("{54435603-DBB4-11D2-8724-00A0C9A8B90C}") = "Setup", "Setup\Setup.vdproj", "{DBA59250-D8A8-4111-AE4D-B49030E8CB37}"
EndProject
Global
	GlobalSection(SolutionConfigurationPlatforms) = preSolution
		Debug|x64 = Debug|x64
		Release|x64 = Release|x64
	EndGlobalSection
	GlobalSection(ProjectConfigurationPlatforms) = postSolution
		{24AAC628-ADF6-429B-ACF7-AF15C0A02DB8}.Debug|x64.ActiveCfg = Debug|Any CPU
		{24AAC628-ADF6-429B-ACF7-AF15C0A02DB8}.Debug|x64.Build.0 = Debug|Any CPU
		{24AAC628-ADF6-429B-ACF7-AF15C0A02DB8}.Release|x64.ActiveCfg = Release|Any CPU
		{24AAC628-ADF6-429B-ACF7-AF15C0A02DB8}.Release|x64.Build.0 = Release|Any CPU
		{DBA59250-D8A8-4111-AE4D-B49030E8CB37}.Debug|x64.ActiveCfg = Debug
		{DBA59250-D8A8-4111-AE4D-B49030E8CB37}.Debug|x64.Build.0 = Debug
		{DBA59250-D8A8-4111-AE4D-B49030E8CB37}.Release|x64.ActiveCfg = Release
	EndGlobalSection
	GlobalSection(SolutionProperties) = preSolution
		HideSolutionNode = FALSE
	EndGlobalSection
	GlobalSection(ExtensibilityGlobals) = postSolution
		SolutionGuid = {B3E3281A-0543-4C44-B179-7D1EA045520B}
	EndGlobalSection
EndGlobal
